// !$*UTF8*$!
{
	archiveVersion = 1;
	classes = {
	};
	objectVersion = 50;
	objects = {

/* Begin PBXBuildFile section */
		32C3781F20742241008D1289 /* AppDelegate.swift in Sources */ = {isa = PBXBuildFile; fileRef = 32C3781E20742241008D1289 /* AppDelegate.swift */; };
		32C3782120742241008D1289 /* ViewController.swift in Sources */ = {isa = PBXBuildFile; fileRef = 32C3782020742241008D1289 /* ViewController.swift */; };
		32C3782420742241008D1289 /* Main.storyboard in Resources */ = {isa = PBXBuildFile; fileRef = 32C3782220742241008D1289 /* Main.storyboard */; };
		32C3782620742243008D1289 /* Assets.xcassets in Resources */ = {isa = PBXBuildFile; fileRef = 32C3782520742243008D1289 /* Assets.xcassets */; };
		32C3782920742243008D1289 /* LaunchScreen.storyboard in Resources */ = {isa = PBXBuildFile; fileRef = 32C3782720742243008D1289 /* LaunchScreen.storyboard */; };
		32C3783420742243008D1289 /* iOSSampleTests.swift in Sources */ = {isa = PBXBuildFile; fileRef = 32C3783320742243008D1289 /* iOSSampleTests.swift */; };
		32C3783F20742243008D1289 /* iOSSampleUITests.swift in Sources */ = {isa = PBXBuildFile; fileRef = 32C3783E20742243008D1289 /* iOSSampleUITests.swift */; };
/* End PBXBuildFile section */

/* Begin PBXContainerItemProxy section */
		32C3783020742243008D1289 /* PBXContainerItemProxy */ = {
			isa = PBXContainerItemProxy;
			containerPortal = 32C3781320742241008D1289 /* Project object */;
			proxyType = 1;
			remoteGlobalIDString = 32C3781A20742241008D1289;
			remoteInfo = iOSSample;
		};
		32C3783B20742243008D1289 /* PBXContainerItemProxy */ = {
			isa = PBXContainerItemProxy;
			containerPortal = 32C3781320742241008D1289 /* Project object */;
			proxyType = 1;
			remoteGlobalIDString = 32C3781A20742241008D1289;
			remoteInfo = iOSSample;
		};
/* End PBXContainerItemProxy section */

/* Begin PBXFileReference section */
		32C3781B20742241008D1289 /* iOSSample.app */ = {isa = PBXFileReference; explicitFileType = wrapper.application; includeInIndex = 0; path = iOSSample.app; sourceTree = BUILT_PRODUCTS_DIR; };
		32C3781E20742241008D1289 /* AppDelegate.swift */ = {isa = PBXFileReference; lastKnownFileType = sourcecode.swift; path = AppDelegate.swift; sourceTree = "<group>"; };
		32C3782020742241008D1289 /* ViewController.swift */ = {isa = PBXFileReference; lastKnownFileType = sourcecode.swift; path = ViewController.swift; sourceTree = "<group>"; };
		32C3782320742241008D1289 /* Base */ = {isa = PBXFileReference; lastKnownFileType = file.storyboard; name = Base; path = Base.lproj/Main.storyboard; sourceTree = "<group>"; };
		32C3782520742243008D1289 /* Assets.xcassets */ = {isa = PBXFileReference; lastKnownFileType = folder.assetcatalog; path = Assets.xcassets; sourceTree = "<group>"; };
		32C3782820742243008D1289 /* Base */ = {isa = PBXFileReference; lastKnownFileType = file.storyboard; name = Base; path = Base.lproj/LaunchScreen.storyboard; sourceTree = "<group>"; };
		32C3782A20742243008D1289 /* Info.plist */ = {isa = PBXFileReference; lastKnownFileType = text.plist.xml; path = Info.plist; sourceTree = "<group>"; };
		32C3782F20742243008D1289 /* iOSSampleTests.xctest */ = {isa = PBXFileReference; explicitFileType = wrapper.cfbundle; includeInIndex = 0; path = iOSSampleTests.xctest; sourceTree = BUILT_PRODUCTS_DIR; };
		32C3783320742243008D1289 /* iOSSampleTests.swift */ = {isa = PBXFileReference; lastKnownFileType = sourcecode.swift; path = iOSSampleTests.swift; sourceTree = "<group>"; };
		32C3783520742243008D1289 /* Info.plist */ = {isa = PBXFileReference; lastKnownFileType = text.plist.xml; path = Info.plist; sourceTree = "<group>"; };
		32C3783A20742243008D1289 /* iOSSampleUITests.xctest */ = {isa = PBXFileReference; explicitFileType = wrapper.cfbundle; includeInIndex = 0; path = iOSSampleUITests.xctest; sourceTree = BUILT_PRODUCTS_DIR; };
		32C3783E20742243008D1289 /* iOSSampleUITests.swift */ = {isa = PBXFileReference; lastKnownFileType = sourcecode.swift; path = iOSSampleUITests.swift; sourceTree = "<group>"; };
		32C3784020742243008D1289 /* Info.plist */ = {isa = PBXFileReference; lastKnownFileType = text.plist.xml; path = Info.plist; sourceTree = "<group>"; };
/* End PBXFileReference section */

/* Begin PBXFrameworksBuildPhase section */
		32C3781820742241008D1289 /* Frameworks */ = {
			isa = PBXFrameworksBuildPhase;
			buildActionMask = 2147483647;
			files = (
			);
			runOnlyForDeploymentPostprocessing = 0;
		};
		32C3782C20742243008D1289 /* Frameworks */ = {
			isa = PBXFrameworksBuildPhase;
			buildActionMask = 2147483647;
			files = (
			);
			runOnlyForDeploymentPostprocessing = 0;
		};
		32C3783720742243008D1289 /* Frameworks */ = {
			isa = PBXFrameworksBuildPhase;
			buildActionMask = 2147483647;
			files = (
			);
			runOnlyForDeploymentPostprocessing = 0;
		};
/* End PBXFrameworksBuildPhase section */

/* Begin PBXGroup section */
		32C3781220742241008D1289 = {
			isa = PBXGroup;
			children = (
				32C3781D20742241008D1289 /* iOSSample */,
				32C3783220742243008D1289 /* iOSSampleTests */,
				32C3783D20742243008D1289 /* iOSSampleUITests */,
				32C3781C20742241008D1289 /* Products */,
			);
			sourceTree = "<group>";
		};
		32C3781C20742241008D1289 /* Products */ = {
			isa = PBXGroup;
			children = (
				32C3781B20742241008D1289 /* iOSSample.app */,
				32C3782F20742243008D1289 /* iOSSampleTests.xctest */,
				32C3783A20742243008D1289 /* iOSSampleUITests.xctest */,
			);
			name = Products;
			sourceTree = "<group>";
		};
		32C3781D20742241008D1289 /* iOSSample */ = {
			isa = PBXGroup;
			children = (
				32C3781E20742241008D1289 /* AppDelegate.swift */,
				32C3782020742241008D1289 /* ViewController.swift */,
				32C3782220742241008D1289 /* Main.storyboard */,
				32C3782520742243008D1289 /* Assets.xcassets */,
				32C3782720742243008D1289 /* LaunchScreen.storyboard */,
				32C3782A20742243008D1289 /* Info.plist */,
			);
			path = iOSSample;
			sourceTree = "<group>";
		};
		32C3783220742243008D1289 /* iOSSampleTests */ = {
			isa = PBXGroup;
			children = (
				32C3783320742243008D1289 /* iOSSampleTests.swift */,
				32C3783520742243008D1289 /* Info.plist */,
			);
			path = iOSSampleTests;
			sourceTree = "<group>";
		};
		32C3783D20742243008D1289 /* iOSSampleUITests */ = {
			isa = PBXGroup;
			children = (
				32C3783E20742243008D1289 /* iOSSampleUITests.swift */,
				32C3784020742243008D1289 /* Info.plist */,
			);
			path = iOSSampleUITests;
			sourceTree = "<group>";
		};
/* End PBXGroup section */

/* Begin PBXNativeTarget section */
		32C3781A20742241008D1289 /* iOSSample */ = {
			isa = PBXNativeTarget;
			buildConfigurationList = 32C3784320742243008D1289 /* Build configuration list for PBXNativeTarget "iOSSample" */;
			buildPhases = (
				32C3781720742241008D1289 /* Sources */,
				32C3781820742241008D1289 /* Frameworks */,
				32C3781920742241008D1289 /* Resources */,
			);
			buildRules = (
			);
			dependencies = (
			);
			name = iOSSample;
			productName = iOSSample;
			productReference = 32C3781B20742241008D1289 /* iOSSample.app */;
			productType = "com.apple.product-type.application";
		};
		32C3782E20742243008D1289 /* iOSSampleTests */ = {
			isa = PBXNativeTarget;
			buildConfigurationList = 32C3784620742243008D1289 /* Build configuration list for PBXNativeTarget "iOSSampleTests" */;
			buildPhases = (
				32C3782B20742243008D1289 /* Sources */,
				32C3782C20742243008D1289 /* Frameworks */,
				32C3782D20742243008D1289 /* Resources */,
			);
			buildRules = (
			);
			dependencies = (
				32C3783120742243008D1289 /* PBXTargetDependency */,
			);
			name = iOSSampleTests;
			productName = iOSSampleTests;
			productReference = 32C3782F20742243008D1289 /* iOSSampleTests.xctest */;
			productType = "com.apple.product-type.bundle.unit-test";
		};
		32C3783920742243008D1289 /* iOSSampleUITests */ = {
			isa = PBXNativeTarget;
			buildConfigurationList = 32C3784920742243008D1289 /* Build configuration list for PBXNativeTarget "iOSSampleUITests" */;
			buildPhases = (
				32C3783620742243008D1289 /* Sources */,
				32C3783720742243008D1289 /* Frameworks */,
				32C3783820742243008D1289 /* Resources */,
			);
			buildRules = (
			);
			dependencies = (
				32C3783C20742243008D1289 /* PBXTargetDependency */,
			);
			name = iOSSampleUITests;
			productName = iOSSampleUITests;
			productReference = 32C3783A20742243008D1289 /* iOSSampleUITests.xctest */;
			productType = "com.apple.product-type.bundle.ui-testing";
		};
/* End PBXNativeTarget section */

/* Begin PBXProject section */
		32C3781320742241008D1289 /* Project object */ = {
			isa = PBXProject;
			attributes = {
				LastSwiftUpdateCheck = 0930;
				LastUpgradeCheck = 0930;
				ORGANIZATIONNAME = belkin;
				TargetAttributes = {
					32C3781A20742241008D1289 = {
						CreatedOnToolsVersion = 9.3;
					};
					32C3782E20742243008D1289 = {
						CreatedOnToolsVersion = 9.3;
						TestTargetID = 32C3781A20742241008D1289;
					};
					32C3783920742243008D1289 = {
						CreatedOnToolsVersion = 9.3;
						TestTargetID = 32C3781A20742241008D1289;
					};
				};
			};
			buildConfigurationList = 32C3781620742241008D1289 /* Build configuration list for PBXProject "iOSSample" */;
			compatibilityVersion = "Xcode 9.3";
			developmentRegion = en;
			hasScannedForEncodings = 0;
			knownRegions = (
				en,
				Base,
			);
			mainGroup = 32C3781220742241008D1289;
			productRefGroup = 32C3781C20742241008D1289 /* Products */;
			projectDirPath = "";
			projectRoot = "";
			targets = (
				32C3781A20742241008D1289 /* iOSSample */,
				32C3782E20742243008D1289 /* iOSSampleTests */,
				32C3783920742243008D1289 /* iOSSampleUITests */,
			);
		};
/* End PBXProject section */

/* Begin PBXResourcesBuildPhase section */
		32C3781920742241008D1289 /* Resources */ = {
			isa = PBXResourcesBuildPhase;
			buildActionMask = 2147483647;
			files = (
				32C3782920742243008D1289 /* LaunchScreen.storyboard in Resources */,
				32C3782620742243008D1289 /* Assets.xcassets in Resources */,
				32C3782420742241008D1289 /* Main.storyboard in Resources */,
			);
			runOnlyForDeploymentPostprocessing = 0;
		};
		32C3782D20742243008D1289 /* Resources */ = {
			isa = PBXResourcesBuildPhase;
			buildActionMask = 2147483647;
			files = (
			);
			runOnlyForDeploymentPostprocessing = 0;
		};
		32C3783820742243008D1289 /* Resources */ = {
			isa = PBXResourcesBuildPhase;
			buildActionMask = 2147483647;
			files = (
			);
			runOnlyForDeploymentPostprocessing = 0;
		};
/* End PBXResourcesBuildPhase section */

/* Begin PBXSourcesBuildPhase section */
		32C3781720742241008D1289 /* Sources */ = {
			isa = PBXSourcesBuildPhase;
			buildActionMask = 2147483647;
			files = (
				32C3782120742241008D1289 /* ViewController.swift in Sources */,
				32C3781F20742241008D1289 /* AppDelegate.swift in Sources */,
			);
			runOnlyForDeploymentPostprocessing = 0;
		};
		32C3782B20742243008D1289 /* Sources */ = {
			isa = PBXSourcesBuildPhase;
			buildActionMask = 2147483647;
			files = (
				32C3783420742243008D1289 /* iOSSampleTests.swift in Sources */,
			);
			runOnlyForDeploymentPostprocessing = 0;
		};
		32C3783620742243008D1289 /* Sources */ = {
			isa = PBXSourcesBuildPhase;
			buildActionMask = 2147483647;
			files = (
				32C3783F20742243008D1289 /* iOSSampleUITests.swift in Sources */,
			);
			runOnlyForDeploymentPostprocessing = 0;
		};
/* End PBXSourcesBuildPhase section */

/* Begin PBXTargetDependency section */
		32C3783120742243008D1289 /* PBXTargetDependency */ = {
			isa = PBXTargetDependency;
			target = 32C3781A20742241008D1289 /* iOSSample */;
			targetProxy = 32C3783020742243008D1289 /* PBXContainerItemProxy */;
		};
		32C3783C20742243008D1289 /* PBXTargetDependency */ = {
			isa = PBXTargetDependency;
			target = 32C3781A20742241008D1289 /* iOSSample */;
			targetProxy = 32C3783B20742243008D1289 /* PBXContainerItemProxy */;
		};
/* End PBXTargetDependency section */

/* Begin PBXVariantGroup section */
		32C3782220742241008D1289 /* Main.storyboard */ = {
			isa = PBXVariantGroup;
			children = (
				32C3782320742241008D1289 /* Base */,
			);
			name = Main.storyboard;
			sourceTree = "<group>";
		};
		32C3782720742243008D1289 /* LaunchScreen.storyboard */ = {
			isa = PBXVariantGroup;
			children = (
				32C3782820742243008D1289 /* Base */,
			);
			name = LaunchScreen.storyboard;
			sourceTree = "<group>";
		};
/* End PBXVariantGroup section */

/* Begin XCBuildConfiguration section */
		32C3784120742243008D1289 /* Debug */ = {
			isa = XCBuildConfiguration;
			buildSettings = {
				ALWAYS_SEARCH_USER_PATHS = NO;
				CLANG_ANALYZER_NONNULL = YES;
				CLANG_ANALYZER_NUMBER_OBJECT_CONVERSION = YES_AGGRESSIVE;
				CLANG_CXX_LANGUAGE_STANDARD = "gnu++14";
				CLANG_CXX_LIBRARY = "libc++";
				CLANG_ENABLE_MODULES = YES;
				CLANG_ENABLE_OBJC_ARC = YES;
				CLANG_ENABLE_OBJC_WEAK = YES;
				CLANG_WARN_BLOCK_CAPTURE_AUTORELEASING = YES;
				CLANG_WARN_BOOL_CONVERSION = YES;
				CLANG_WARN_COMMA = YES;
				CLANG_WARN_CONSTANT_CONVERSION = YES;
				CLANG_WARN_DEPRECATED_OBJC_IMPLEMENTATIONS = YES;
				CLANG_WARN_DIRECT_OBJC_ISA_USAGE = YES_ERROR;
				CLANG_WARN_DOCUMENTATION_COMMENTS = YES;
				CLANG_WARN_EMPTY_BODY = YES;
				CLANG_WARN_ENUM_CONVERSION = YES;
				CLANG_WARN_INFINITE_RECURSION = YES;
				CLANG_WARN_INT_CONVERSION = YES;
				CLANG_WARN_NON_LITERAL_NULL_CONVERSION = YES;
				CLANG_WARN_OBJC_IMPLICIT_RETAIN_SELF = YES;
				CLANG_WARN_OBJC_LITERAL_CONVERSION = YES;
				CLANG_WARN_OBJC_ROOT_CLASS = YES_ERROR;
				CLANG_WARN_RANGE_LOOP_ANALYSIS = YES;
				CLANG_WARN_STRICT_PROTOTYPES = YES;
				CLANG_WARN_SUSPICIOUS_MOVE = YES;
				CLANG_WARN_UNGUARDED_AVAILABILITY = YES_AGGRESSIVE;
				CLANG_WARN_UNREACHABLE_CODE = YES;
				CLANG_WARN__DUPLICATE_METHOD_MATCH = YES;
				CODE_SIGN_IDENTITY = "iPhone Developer";
				COPY_PHASE_STRIP = NO;
				DEBUG_INFORMATION_FORMAT = dwarf;
				ENABLE_STRICT_OBJC_MSGSEND = YES;
				ENABLE_TESTABILITY = YES;
				GCC_C_LANGUAGE_STANDARD = gnu11;
				GCC_DYNAMIC_NO_PIC = NO;
				GCC_NO_COMMON_BLOCKS = YES;
				GCC_OPTIMIZATION_LEVEL = 0;
				GCC_PREPROCESSOR_DEFINITIONS = (
					"DEBUG=1",
					"$(inherited)",
				);
				GCC_WARN_64_TO_32_BIT_CONVERSION = YES;
				GCC_WARN_ABOUT_RETURN_TYPE = YES_ERROR;
				GCC_WARN_UNDECLARED_SELECTOR = YES;
				GCC_WARN_UNINITIALIZED_AUTOS = YES_AGGRESSIVE;
				GCC_WARN_UNUSED_FUNCTION = YES;
				GCC_WARN_UNUSED_VARIABLE = YES;
				IPHONEOS_DEPLOYMENT_TARGET = 11.3;
				MTL_ENABLE_DEBUG_INFO = YES;
				ONLY_ACTIVE_ARCH = YES;
				SDKROOT = iphoneos;
				SWIFT_ACTIVE_COMPILATION_CONDITIONS = DEBUG;
				SWIFT_OPTIMIZATION_LEVEL = "-Onone";
			};
			name = Debug;
		};
		32C3784220742243008D1289 /* Release */ = {
			isa = XCBuildConfiguration;
			buildSettings = {
				ALWAYS_SEARCH_USER_PATHS = NO;
				CLANG_ANALYZER_NONNULL = YES;
				CLANG_ANALYZER_NUMBER_OBJECT_CONVERSION = YES_AGGRESSIVE;
				CLANG_CXX_LANGUAGE_STANDARD = "gnu++14";
				CLANG_CXX_LIBRARY = "libc++";
				CLANG_ENABLE_MODULES = YES;
				CLANG_ENABLE_OBJC_ARC = YES;
				CLANG_ENABLE_OBJC_WEAK = YES;
				CLANG_WARN_BLOCK_CAPTURE_AUTORELEASING = YES;
				CLANG_WARN_BOOL_CONVERSION = YES;
				CLANG_WARN_COMMA = YES;
				CLANG_WARN_CONSTANT_CONVERSION = YES;
				CLANG_WARN_DEPRECATED_OBJC_IMPLEMENTATIONS = YES;
				CLANG_WARN_DIRECT_OBJC_ISA_USAGE = YES_ERROR;
				CLANG_WARN_DOCUMENTATION_COMMENTS = YES;
				CLANG_WARN_EMPTY_BODY = YES;
				CLANG_WARN_ENUM_CONVERSION = YES;
				CLANG_WARN_INFINITE_RECURSION = YES;
				CLANG_WARN_INT_CONVERSION = YES;
				CLANG_WARN_NON_LITERAL_NULL_CONVERSION = YES;
				CLANG_WARN_OBJC_IMPLICIT_RETAIN_SELF = YES;
				CLANG_WARN_OBJC_LITERAL_CONVERSION = YES;
				CLANG_WARN_OBJC_ROOT_CLASS = YES_ERROR;
				CLANG_WARN_RANGE_LOOP_ANALYSIS = YES;
				CLANG_WARN_STRICT_PROTOTYPES = YES;
				CLANG_WARN_SUSPICIOUS_MOVE = YES;
				CLANG_WARN_UNGUARDED_AVAILABILITY = YES_AGGRESSIVE;
				CLANG_WARN_UNREACHABLE_CODE = YES;
				CLANG_WARN__DUPLICATE_METHOD_MATCH = YES;
				CODE_SIGN_IDENTITY = "iPhone Developer";
				COPY_PHASE_STRIP = NO;
				DEBUG_INFORMATION_FORMAT = "dwarf-with-dsym";
				ENABLE_NS_ASSERTIONS = NO;
				ENABLE_STRICT_OBJC_MSGSEND = YES;
				GCC_C_LANGUAGE_STANDARD = gnu11;
				GCC_NO_COMMON_BLOCKS = YES;
				GCC_WARN_64_TO_32_BIT_CONVERSION = YES;
				GCC_WARN_ABOUT_RETURN_TYPE = YES_ERROR;
				GCC_WARN_UNDECLARED_SELECTOR = YES;
				GCC_WARN_UNINITIALIZED_AUTOS = YES_AGGRESSIVE;
				GCC_WARN_UNUSED_FUNCTION = YES;
				GCC_WARN_UNUSED_VARIABLE = YES;
				IPHONEOS_DEPLOYMENT_TARGET = 11.3;
				MTL_ENABLE_DEBUG_INFO = NO;
				SDKROOT = iphoneos;
				SWIFT_COMPILATION_MODE = wholemodule;
				SWIFT_OPTIMIZATION_LEVEL = "-O";
				VALIDATE_PRODUCT = YES;
			};
			name = Release;
		};
		32C3784420742243008D1289 /* Debug */ = {
			isa = XCBuildConfiguration;
			buildSettings = {
				ASSETCATALOG_COMPILER_APPICON_NAME = AppIcon;
				CODE_SIGN_STYLE = Automatic;
				DEVELOPMENT_TEAM = 3KXRAJQJ56;
				INFOPLIST_FILE = iOSSample/Info.plist;
				LD_RUNPATH_SEARCH_PATHS = (
					"$(inherited)",
					"@executable_path/Frameworks",
				);
				PRODUCT_BUNDLE_IDENTIFIER = com.belkin.iOSSample;
				PRODUCT_NAME = "$(TARGET_NAME)";
				SWIFT_VERSION = 4.0;
				TARGETED_DEVICE_FAMILY = "1,2";
			};
			name = Debug;
		};
		32C3784520742243008D1289 /* Release */ = {
			isa = XCBuildConfiguration;
			buildSettings = {
				ASSETCATALOG_COMPILER_APPICON_NAME = AppIcon;
				CODE_SIGN_STYLE = Automatic;
				DEVELOPMENT_TEAM = 3KXRAJQJ56;
				INFOPLIST_FILE = iOSSample/Info.plist;
				LD_RUNPATH_SEARCH_PATHS = (
					"$(inherited)",
					"@executable_path/Frameworks",
				);
				PRODUCT_BUNDLE_IDENTIFIER = com.belkin.iOSSample;
				PRODUCT_NAME = "$(TARGET_NAME)";
				SWIFT_VERSION = 4.0;
				TARGETED_DEVICE_FAMILY = "1,2";
			};
			name = Release;
		};
		32C3784720742243008D1289 /* Debug */ = {
			isa = XCBuildConfiguration;
			buildSettings = {
				ALWAYS_EMBED_SWIFT_STANDARD_LIBRARIES = YES;
				BUNDLE_LOADER = "$(TEST_HOST)";
				CODE_SIGN_STYLE = Automatic;
				INFOPLIST_FILE = iOSSampleTests/Info.plist;
				LD_RUNPATH_SEARCH_PATHS = (
					"$(inherited)",
					"@executable_path/Frameworks",
					"@loader_path/Frameworks",
				);
				PRODUCT_BUNDLE_IDENTIFIER = com.belkin.iOSSampleTests;
				PRODUCT_NAME = "$(TARGET_NAME)";
				SWIFT_VERSION = 4.0;
				TARGETED_DEVICE_FAMILY = "1,2";
				TEST_HOST = "$(BUILT_PRODUCTS_DIR)/iOSSample.app/iOSSample";
			};
			name = Debug;
		};
		32C3784820742243008D1289 /* Release */ = {
			isa = XCBuildConfiguration;
			buildSettings = {
				ALWAYS_EMBED_SWIFT_STANDARD_LIBRARIES = YES;
				BUNDLE_LOADER = "$(TEST_HOST)";
				CODE_SIGN_STYLE = Automatic;
				INFOPLIST_FILE = iOSSampleTests/Info.plist;
				LD_RUNPATH_SEARCH_PATHS = (
					"$(inherited)",
					"@executable_path/Frameworks",
					"@loader_path/Frameworks",
				);
				PRODUCT_BUNDLE_IDENTIFIER = com.belkin.iOSSampleTests;
				PRODUCT_NAME = "$(TARGET_NAME)";
				SWIFT_VERSION = 4.0;
				TARGETED_DEVICE_FAMILY = "1,2";
				TEST_HOST = "$(BUILT_PRODUCTS_DIR)/iOSSample.app/iOSSample";
			};
			name = Release;
		};
		32C3784A20742243008D1289 /* Debug */ = {
			isa = XCBuildConfiguration;
			buildSettings = {
				ALWAYS_EMBED_SWIFT_STANDARD_LIBRARIES = YES;
				CODE_SIGN_STYLE = Automatic;
				INFOPLIST_FILE = iOSSampleUITests/Info.plist;
				LD_RUNPATH_SEARCH_PATHS = (
					"$(inherited)",
					"@executable_path/Frameworks",
					"@loader_path/Frameworks",
				);
				PRODUCT_BUNDLE_IDENTIFIER = com.belkin.iOSSampleUITests;
				PRODUCT_NAME = "$(TARGET_NAME)";
				SWIFT_VERSION = 4.0;
				TARGETED_DEVICE_FAMILY = "1,2";
				TEST_TARGET_NAME = iOSSample;
			};
			name = Debug;
		};
		32C3784B20742243008D1289 /* Release */ = {
			isa = XCBuildConfiguration;
			buildSettings = {
				ALWAYS_EMBED_SWIFT_STANDARD_LIBRARIES = YES;
				CODE_SIGN_STYLE = Automatic;
				INFOPLIST_FILE = iOSSampleUITests/Info.plist;
				LD_RUNPATH_SEARCH_PATHS = (
					"$(inherited)",
					"@executable_path/Frameworks",
					"@loader_path/Frameworks",
				);
				PRODUCT_BUNDLE_IDENTIFIER = com.belkin.iOSSampleUITests;
				PRODUCT_NAME = "$(TARGET_NAME)";
				SWIFT_VERSION = 4.0;
				TARGETED_DEVICE_FAMILY = "1,2";
				TEST_TARGET_NAME = iOSSample;
			};
			name = Release;
		};
/* End XCBuildConfiguration section */

/* Begin XCConfigurationList section */
		32C3781620742241008D1289 /* Build configuration list for PBXProject "iOSSample" */ = {
			isa = XCConfigurationList;
			buildConfigurations = (
				32C3784120742243008D1289 /* Debug */,
				32C3784220742243008D1289 /* Release */,
			);
			defaultConfigurationIsVisible = 0;
			defaultConfigurationName = Release;
		};
		32C3784320742243008D1289 /* Build configuration list for PBXNativeTarget "iOSSample" */ = {
			isa = XCConfigurationList;
			buildConfigurations = (
				32C3784420742243008D1289 /* Debug */,
				32C3784520742243008D1289 /* Release */,
			);
			defaultConfigurationIsVisible = 0;
			defaultConfigurationName = Release;
		};
		32C3784620742243008D1289 /* Build configuration list for PBXNativeTarget "iOSSampleTests" */ = {
			isa = XCConfigurationList;
			buildConfigurations = (
				32C3784720742243008D1289 /* Debug */,
				32C3784820742243008D1289 /* Release */,
			);
			defaultConfigurationIsVisible = 0;
			defaultConfigurationName = Release;
		};
		32C3784920742243008D1289 /* Build configuration list for PBXNativeTarget "iOSSampleUITests" */ = {
			isa = XCConfigurationList;
			buildConfigurations = (
				32C3784A20742243008D1289 /* Debug */,
				32C3784B20742243008D1289 /* Release */,
			);
			defaultConfigurationIsVisible = 0;
			defaultConfigurationName = Release;
		};
/* End XCConfigurationList section */
	};
	rootObject = 32C3781320742241008D1289 /* Project object */;
}
